# This file is automatically @generated by Cargo.
# It is not intended for manual editing.
version = 4

[[package]]
name = "bitflags"
version = "2.13.1"
source = "registry+https://github.com/rust-lang/crates.io-index"
checksum = "b588b76d00fde79687d7646a9b5bdf3cc0f655e0bbd080335a95d7e96f3587da"

[[package]]
name = "wasip3"
version = "0.8.0+wasi-0.3.0"
source = "registry+https://github.com/rust-lang/crates.io-index"
checksum = "42a999271e77c083825863fc85404197523b3f3cebe9b402aece658ebea90065"
dependencies = [
 "wit-bindgen",
]

[[package]]
name = "windlass-wasi-p3-spike"
version = "0.1.0"
dependencies = [
 "wasip3",
]

[[package]]
name = "wit-bindgen"
version = "0.61.1"
source = "registry+https://github.com/rust-lang/crates.io-index"
checksum = "e473fd0095479f9689ac7d2a52c427cc96bb2b973ace50238dfcc1ab1cd52d93"
dependencies = [
 "bitflags",
]
